// !$*UTF8*$!
{
	archiveVersion = 1;
	classes = {
	};
	objectVersion = 46;
	objects = {

/* Begin PBXBuildFile section */
		FB163F1E1E1DA30A001BCD54 /* AppDelegate.swift in Sources */ = {isa = PBXBuildFile; fileRef = FB163F1D1E1DA30A001BCD54 /* AppDelegate.swift */; };
		FB163F201E1DA30A001BCD54 /* ViewController.swift in Sources */ = {isa = PBXBuildFile; fileRef = FB163F1F1E1DA30A001BCD54 /* ViewController.swift */; };
		FB163F231E1DA30A001BCD54 /* Main.storyboard in Resources */ = {isa = PBXBuildFile; fileRef = FB163F211E1DA30A001BCD54 /* Main.storyboard */; };
		FB163F251E1DA30A001BCD54 /* Assets.xcassets in Resources */ = {isa = PBXBuildFile; fileRef = FB163F241E1DA30A001BCD54 /* Assets.xcassets */; };
		FB163F281E1DA30A001BCD54 /* LaunchScreen.storyboard in Resources */ = {isa = PBXBuildFile; fileRef = FB163F261E1DA30A001BCD54 /* LaunchScreen.storyboard */; };
		FBC8C5011E20546700238E01 /* Calculator Brain.swift in Sources */ = {isa = PBXBuildFile; fileRef = FBC8C5001E20546700238E01 /* Calculator Brain.swift */; };
/* End PBXBuildFile section */

/* Begin PBXFileReference section */
		FB163F1A1E1DA30A001BCD54 /* Calculator.app */ = {isa = PBXFileReference; explicitFileType = wrapper.application; includeInIndex = 0; path = Calculator.app; sourceTree = BUILT_PRODUCTS_DIR; };
		FB163F1D1E1DA30A001BCD54 /* AppDelegate.swift */ = {isa = PBXFileReference; lastKnownFileType = sourcecode.swift; path = AppDelegate.swift; sourceTree = "<group>"; };
		FB163F1F1E1DA30A001BCD54 /* ViewController.swift */ = {isa = PBXFileReference; lastKnownFileType = sourcecode.swift; path = ViewController.swift; sourceTree = "<group>"; };
		FB163F221E1DA30A001BCD54 /* Base */ = {isa = PBXFileReference; lastKnownFileType = file.storyboard; name = Base; path = Base.lproj/Main.storyboard; sourceTree = "<group>"; };
		FB163F241E1DA30A001BCD54 /* Assets.xcassets */ = {isa = PBXFileReference; lastKnownFileType = folder.assetcatalog; path = Assets.xcassets; sourceTree = "<group>"; };
		FB163F271E1DA30A001BCD54 /* Base */ = {isa = PBXFileReference; lastKnownFileType = file.storyboard; name = Base; path = Base.lproj/LaunchScreen.storyboard; sourceTree = "<group>"; };
		FB163F291E1DA30A001BCD54 /* Info.plist */ = {isa = PBXFileReference; lastKnownFileType = text.plist.xml; path = Info.plist; sourceTree = "<group>"; };
		FBC8C5001E20546700238E01 /* Calculator Brain.swift */ = {isa = PBXFileReference; fileEncoding = 4; lastKnownFileType = sourcecode.swift; name = "Calculator Brain.swift"; path = "Calculator/Calculator Brain.swift"; sourceTree = "<group>"; };
/* End PBXFileReference section */

/* Begin PBXFrameworksBuildPhase section */
		FB163F171E1DA30A001BCD54 /* Frameworks */ = {
			isa = PBXFrameworksBuildPhase;
			buildActionMask = 2147483647;
			files = (
			);
			runOnlyForDeploymentPostprocessing = 0;
		};
/* End PBXFrameworksBuildPhase section */

/* Begin PBXGroup section */
		FB163F111E1DA30A001BCD54 = {
			isa = PBXGroup;
			children = (
				FBC8C5001E20546700238E01 /* Calculator Brain.swift */,
				FB163F1C1E1DA30A001BCD54 /* Calculator */,
				FB163F1B1E1DA30A001BCD54 /* Products */,
			);
			sourceTree = "<group>";
		};
		FB163F1B1E1DA30A001BCD54 /* Products */ = {
			isa = PBXGroup;
			children = (
				FB163F1A1E1DA30A001BCD54 /* Calculator.app */,
			);
			name = Products;
			sourceTree = "<group>";
		};
		FB163F1C1E1DA30A001BCD54 /* Calculator */ = {
			isa = PBXGroup;
			children = (
				FB163F2F1E1DA716001BCD54 /* Supporting Files */,
				FB163F1F1E1DA30A001BCD54 /* ViewController.swift */,
				FB163F211E1DA30A001BCD54 /* Main.storyboard */,
			);
			path = Calculator;
			sourceTree = "<group>";
		};
		FB163F2F1E1DA716001BCD54 /* Supporting Files */ = {
			isa = PBXGroup;
			children = (
				FB163F1D1E1DA30A001BCD54 /* AppDelegate.swift */,
				FB163F241E1DA30A001BCD54 /* Assets.xcassets */,
				FB163F261E1DA30A001BCD54 /* LaunchScreen.storyboard */,
				FB163F291E1DA30A001BCD54 /* Info.plist */,
			);
			name = "Supporting Files";
			sourceTree = "<group>";
		};
/* End PBXGroup section */

/* Begin PBXNativeTarget section */
		FB163F191E1DA30A001BCD54 /* Calculator */ = {
			isa = PBXNativeTarget;
			buildConfigurationList = FB163F2C1E1DA30A001BCD54 /* Build configuration list for PBXNativeTarget "Calculator" */;
			buildPhases = (
				FB163F161E1DA30A001BCD54 /* Sources */,
				FB163F171E1DA30A001BCD54 /* Frameworks */,
				FB163F181E1DA30A001BCD54 /* Resources */,
			);
			buildRules = (
			);
			dependencies = (
			);
			name = Calculator;
			productName = Calculator;
			productReference = FB163F1A1E1DA30A001BCD54 /* Calculator.app */;
			productType = "com.apple.product-type.application";
		};
/* End PBXNativeTarget section */

/* Begin PBXProject section */
		FB163F121E1DA30A001BCD54 /* Project object */ = {
			isa = PBXProject;
			attributes = {
				LastSwiftUpdateCheck = 0820;
				LastUpgradeCheck = 0820;
				ORGANIZATIONNAME = "Ivan Zivkovic";
				TargetAttributes = {
					FB163F191E1DA30A001BCD54 = {
						CreatedOnToolsVersion = 8.2.1;
						DevelopmentTeam = 832U9TF6V2;
						ProvisioningStyle = Automatic;
					};
				};
			};
			buildConfigurationList = FB163F151E1DA30A001BCD54 /* Build configuration list for PBXProject "Calculator" */;
			compatibilityVersion = "Xcode 3.2";
			developmentRegion = English;
			hasScannedForEncodings = 0;
			knownRegions = (
				en,
				Base,
			);
			mainGroup = FB163F111E1DA30A001BCD54;
			productRefGroup = FB163F1B1E1DA30A001BCD54 /* Products */;
			projectDirPath = "";
			projectRoot = "";
			targets = (
				FB163F191E1DA30A001BCD54 /* Calculator */,
			);
		};
/* End PBXProject section */

/* Begin PBXResourcesBuildPhase section */
		FB163F181E1DA30A001BCD54 /* Resources */ = {
			isa = PBXResourcesBuildPhase;
			buildActionMask = 2147483647;
			files = (
				FB163F281E1DA30A001BCD54 /* LaunchScreen.storyboard in Resources */,
				FB163F251E1DA30A001BCD54 /* Assets.xcassets in Resources */,
				FB163F231E1DA30A001BCD54 /* Main.storyboard in Resources */,
			);
			runOnlyForDeploymentPostprocessing = 0;
		};
/* End PBXResourcesBuildPhase section */

/* Begin PBXSourcesBuildPhase section */
		FB163F161E1DA30A001BCD54 /* Sources */ = {
			isa = PBXSourcesBuildPhase;
			buildActionMask = 2147483647;
			files = (
				FB163F201E1DA30A001BCD54 /* ViewController.swift in Sources */,
				FB163F1E1E1DA30A001BCD54 /* AppDelegate.swift in Sources */,
				FBC8C5011E20546700238E01 /* Calculator Brain.swift in Sources */,
			);
			runOnlyForDeploymentPostprocessing = 0;
		};
/* End PBXSourcesBuildPhase section */

/* Begin PBXVariantGroup section */
		FB163F211E1DA30A001BCD54 /* Main.storyboard */ = {
			isa = PBXVariantGroup;
			children = (
				FB163F221E1DA30A001BCD54 /* Base */,
			);
			name = Main.storyboard;
			sourceTree = "<group>";
		};
		FB163F261E1DA30A001BCD54 /* LaunchScreen.storyboard */ = {
			isa = PBXVariantGroup;
			children = (
				FB163F271E1DA30A001BCD54 /* Base */,
			);
			name = LaunchScreen.storyboard;
			sourceTree = "<group>";
		};
/* End PBXVariantGroup section */

/* Begin XCBuildConfiguration section */
		FB163F2A1E1DA30A001BCD54 /* Debug */ = {
			isa = XCBuildConfiguration;
			buildSettings = {
				ALWAYS_SEARCH_USER_PATHS = NO;
				CLANG_ANALYZER_NONNULL = YES;
				CLANG_CXX_LANGUAGE_STANDARD = "gnu++0x";
				CLANG_CXX_LIBRARY = "libc++";
				CLANG_ENABLE_MODULES = YES;
				CLANG_ENABLE_OBJC_ARC = YES;
				CLANG_WARN_BOOL_CONVERSION = YES;
				CLANG_WARN_CONSTANT_CONVERSION = YES;
				CLANG_WARN_DIRECT_OBJC_ISA_USAGE = YES_ERROR;
				CLANG_WARN_DOCUMENTATION_COMMENTS = YES;
				CLANG_WARN_EMPTY_BODY = YES;
				CLANG_WARN_ENUM_CONVERSION = YES;
				CLANG_WARN_INFINITE_RECURSION = YES;
				CLANG_WARN_INT_CONVERSION = YES;
				CLANG_WARN_OBJC_ROOT_CLASS = YES_ERROR;
				CLANG_WARN_SUSPICIOUS_MOVE = YES;
				CLANG_WARN_UNREACHABLE_CODE = YES;
				CLANG_WARN__DUPLICATE_METHOD_MATCH = YES;
				"CODE_SIGN_IDENTITY[sdk=iphoneos*]" = "iPhone Developer";
				COPY_PHASE_STRIP = NO;
				DEBUG_INFORMATION_FORMAT = dwarf;
				ENABLE_STRICT_OBJC_MSGSEND = YES;
				ENABLE_TESTABILITY = YES;
				GCC_C_LANGUAGE_STANDARD = gnu99;
				GCC_DYNAMIC_NO_PIC = NO;
				GCC_NO_COMMON_BLOCKS = YES;
				GCC_OPTIMIZATION_LEVEL = 0;
				GCC_PREPROCESSOR_DEFINITIONS = (
					"DEBUG=1",
					"$(inherited)",
				);
				GCC_WARN_64_TO_32_BIT_CONVERSION = YES;
				GCC_WARN_ABOUT_RETURN_TYPE = YES_ERROR;
				GCC_WARN_UNDECLARED_SELECTOR = YES;
				GCC_WARN_UNINITIALIZED_AUTOS = YES_AGGRESSIVE;
				GCC_WARN_UNUSED_FUNCTION = YES;
				GCC_WARN_UNUSED_VARIABLE = YES;
				IPHONEOS_DEPLOYMENT_TARGET = 10.2;
				MTL_ENABLE_DEBUG_INFO = YES;
				ONLY_ACTIVE_ARCH = YES;
				SDKROOT = iphoneos;
				SWIFT_ACTIVE_COMPILATION_CONDITIONS = DEBUG;
				SWIFT_OPTIMIZATION_LEVEL = "-Onone";
				TARGETED_DEVICE_FAMILY = "1,2";
			};
			name = Debug;
		};
		FB163F2B1E1DA30A001BCD54 /* Release */ = {
			isa = XCBuildConfiguration;
			buildSettings = {
				ALWAYS_SEARCH_USER_PATHS = NO;
				CLANG_ANALYZER_NONNULL = YES;
				CLANG_CXX_LANGUAGE_STANDARD = "gnu++0x";
				CLANG_CXX_LIBRARY = "libc++";
				CLANG_ENABLE_MODULES = YES;
				CLANG_ENABLE_OBJC_ARC = YES;
				CLANG_WARN_BOOL_CONVERSION = YES;
				CLANG_WARN_CONSTANT_CONVERSION = YES;
				CLANG_WARN_DIRECT_OBJC_ISA_USAGE = YES_ERROR;
				CLANG_WARN_DOCUMENTATION_COMMENTS = YES;
				CLANG_WARN_EMPTY_BODY = YES;
				CLANG_WARN_ENUM_CONVERSION = YES;
				CLANG_WARN_INFINITE_RECURSION = YES;
				CLANG_WARN_INT_CONVERSION = YES;
				CLANG_WARN_OBJC_ROOT_CLASS = YES_ERROR;
				CLANG_WARN_SUSPICIOUS_MOVE = YES;
				CLANG_WARN_UNREACHABLE_CODE = YES;
				CLANG_WARN__DUPLICATE_METHOD_MATCH = YES;
				"CODE_SIGN_IDENTITY[sdk=iphoneos*]" = "iPhone Developer";
				COPY_PHASE_STRIP = NO;
				DEBUG_INFORMATION_FORMAT = "dwarf-with-dsym";
				ENABLE_NS_ASSERTIONS = NO;
				ENABLE_STRICT_OBJC_MSGSEND = YES;
				GCC_C_LANGUAGE_STANDARD = gnu99;
				GCC_NO_COMMON_BLOCKS = YES;
				GCC_WARN_64_TO_32_BIT_CONVERSION = YES;
				GCC_WARN_ABOUT_RETURN_TYPE = YES_ERROR;
				GCC_WARN_UNDECLARED_SELECTOR = YES;
				GCC_WARN_UNINITIALIZED_AUTOS = YES_AGGRESSIVE;
				GCC_WARN_UNUSED_FUNCTION = YES;
				GCC_WARN_UNUSED_VARIABLE = YES;
				IPHONEOS_DEPLOYMENT_TARGET = 10.2;
				MTL_ENABLE_DEBUG_INFO = NO;
				SDKROOT = iphoneos;
				SWIFT_OPTIMIZATION_LEVEL = "-Owholemodule";
				TARGETED_DEVICE_FAMILY = "1,2";
				VALIDATE_PRODUCT = YES;
			};
			name = Release;
		};
		FB163F2D1E1DA30A001BCD54 /* Debug */ = {
			isa = XCBuildConfiguration;
			buildSettings = {
				ASSETCATALOG_COMPILER_APPICON_NAME = AppIcon;
				"CODE_SIGN_IDENTITY[sdk=iphoneos*]" = "iPhone Developer";
				DEVELOPMENT_TEAM = 832U9TF6V2;
				INFOPLIST_FILE = Calculator/Info.plist;
				LD_RUNPATH_SEARCH_PATHS = "$(inherited) @executable_path/Frameworks";
				PRODUCT_BUNDLE_IDENTIFIER = IvanZivkovic.Calculator;
				PRODUCT_NAME = "$(TARGET_NAME)";
				SWIFT_VERSION = 3.0;
			};
			name = Debug;
		};
		FB163F2E1E1DA30A001BCD54 /* Release */ = {
			isa = XCBuildConfiguration;
			buildSettings = {
				ASSETCATALOG_COMPILER_APPICON_NAME = AppIcon;
				"CODE_SIGN_IDENTITY[sdk=iphoneos*]" = "iPhone Developer";
				DEVELOPMENT_TEAM = 832U9TF6V2;
				INFOPLIST_FILE = Calculator/Info.plist;
				LD_RUNPATH_SEARCH_PATHS = "$(inherited) @executable_path/Frameworks";
				PRODUCT_BUNDLE_IDENTIFIER = IvanZivkovic.Calculator;
				PRODUCT_NAME = "$(TARGET_NAME)";
				SWIFT_VERSION = 3.0;
			};
			name = Release;
		};
/* End XCBuildConfiguration section */

/* Begin XCConfigurationList section */
		FB163F151E1DA30A001BCD54 /* Build configuration list for PBXProject "Calculator" */ = {
			isa = XCConfigurationList;
			buildConfigurations = (
				FB163F2A1E1DA30A001BCD54 /* Debug */,
				FB163F2B1E1DA30A001BCD54 /* Release */,
			);
			defaultConfigurationIsVisible = 0;
			defaultConfigurationName = Release;
		};
		FB163F2C1E1DA30A001BCD54 /* Build configuration list for PBXNativeTarget "Calculator" */ = {
			isa = XCConfigurationList;
			buildConfigurations = (
				FB163F2D1E1DA30A001BCD54 /* Debug */,
				FB163F2E1E1DA30A001BCD54 /* Release */,
			);
			defaultConfigurationIsVisible = 0;
			defaultConfigurationName = Release;
		};
/* End XCConfigurationList section */
	};
	rootObject = FB163F121E1DA30A001BCD54 /* Project object */;
}
